
Microsoft Visual Studio Solution File, Format Version 12.00
# Visual Studio Version 16
VisualStudioVersion = 16.0.30804.86
MinimumVisualStudioVersion = 10.0.40219.1
Project("{FAE04EC0-301F-11D3-BF4B-00C04F79EFBC}") = "GMTK_Capstone", "GMTK_Capstone\GMTK_Capstone.csproj", "{68E88345-1CFA-4F19-99B4-BE0FE6FBAB23}"
EndProject
Global
	GlobalSection(SolutionConfigurationPlatforms) = preSolution
		Debug|Any CPU = Debug|Any CPU
		Release|Any CPU = Release|Any CPU
	EndGlobalSection
	GlobalSection(ProjectConfigurationPlatforms) = postSolution
		{68E88345-1CFA-4F19-99B4-BE0FE6FBAB23}.Debug|Any CPU.ActiveCfg = Debug|Any CPU
		{68E88345-1CFA-4F19-99B4-BE0FE6FBAB23}.Debug|Any CPU.Build.0 = Debug|Any CPU
		{68E88345-1CFA-4F19-99B4-BE0FE6FBAB23}.Release|Any CPU.ActiveCfg = Release|Any CPU
		{68E88345-1CFA-4F19-99B4-BE0FE6FBAB23}.Release|Any CPU.Build.0 = Release|Any CPU
	EndGlobalSection
	GlobalSection(SolutionProperties) = preSolution
		HideSolutionNode = FALSE
	EndGlobalSection
	GlobalSection(ExtensibilityGlobals) = postSolution
		SolutionGuid = {593ACB87-6DD2-4758-99CC-1BF8DA2C842B}
	EndGlobalSection
EndGlobal
